
Microsoft Visual Studio Solution File, Format Version 12.00
# Visual Studio Version 17
VisualStudioVersion = 17.0.31903.59
MinimumVisualStudioVersion = 10.0.40219.1
Project("{FAE04EC0-301F-11D3-BF4B-00C04F79EFBC}") = "API", "API\API.csproj", "{B168B7DA-EB3B-430B-9877-596CEC5EF8B3}"
EndProject
Project("{FAE04EC0-301F-11D3-BF4B-00C04F79EFBC}") = "Domain", "Domain\Domain.csproj", "{E99AA708-24BD-4E4A-9636-0751136DD6F1}"
EndProject
Project("{FAE04EC0-301F-11D3-BF4B-00C04F79EFBC}") = "Application", "Application\Application.csproj", "{83C07E1B-1A2A-439D-8CB7-DCE360CD1D51}"
EndProject
Project("{FAE04EC0-301F-11D3-BF4B-00C04F79EFBC}") = "Infrastructure", "Infrastructure\Infrastructure.csproj", "{61F60664-723E-48D2-A316-44A1B671FCAD}"
EndProject
Global
	GlobalSection(SolutionConfigurationPlatforms) = preSolution
		Debug|Any CPU = Debug|Any CPU
		Debug|x64 = Debug|x64
		Debug|x86 = Debug|x86
		Release|Any CPU = Release|Any CPU
		Release|x64 = Release|x64
		Release|x86 = Release|x86
	EndGlobalSection
	GlobalSection(ProjectConfigurationPlatforms) = postSolution
		{B168B7DA-EB3B-430B-9877-596CEC5EF8B3}.Debug|Any CPU.ActiveCfg = Debug|Any CPU
		{B168B7DA-EB3B-430B-9877-596CEC5EF8B3}.Debug|Any CPU.Build.0 = Debug|Any CPU
		{B168B7DA-EB3B-430B-9877-596CEC5EF8B3}.Debug|x64.ActiveCfg = Debug|Any CPU
		{B168B7DA-EB3B-430B-9877-596CEC5EF8B3}.Debug|x64.Build.0 = Debug|Any CPU
		{B168B7DA-EB3B-430B-9877-596CEC5EF8B3}.Debug|x86.ActiveCfg = Debug|Any CPU
		{B168B7DA-EB3B-430B-9877-596CEC5EF8B3}.Debug|x86.Build.0 = Debug|Any CPU
		{B168B7DA-EB3B-430B-9877-596CEC5EF8B3}.Release|Any CPU.ActiveCfg = Release|Any CPU
		{B168B7DA-EB3B-430B-9877-596CEC5EF8B3}.Release|Any CPU.Build.0 = Release|Any CPU
		{B168B7DA-EB3B-430B-9877-596CEC5EF8B3}.Release|x64.ActiveCfg = Release|Any CPU
		{B168B7DA-EB3B-430B-9877-596CEC5EF8B3}.Release|x64.Build.0 = Release|Any CPU
		{B168B7DA-EB3B-430B-9877-596CEC5EF8B3}.Release|x86.ActiveCfg = Release|Any CPU
		{B168B7DA-EB3B-430B-9877-596CEC5EF8B3}.Release|x86.Build.0 = Release|Any CPU
		{E99AA708-24BD-4E4A-9636-0751136DD6F1}.Debug|Any CPU.ActiveCfg = Debug|Any CPU
		{E99AA708-24BD-4E4A-9636-0751136DD6F1}.Debug|Any CPU.Build.0 = Debug|Any CPU
		{E99AA708-24BD-4E4A-9636-0751136DD6F1}.Debug|x64.ActiveCfg = Debug|Any CPU
		{E99AA708-24BD-4E4A-9636-0751136DD6F1}.Debug|x64.Build.0 = Debug|Any CPU
		{E99AA708-24BD-4E4A-9636-0751136DD6F1}.Debug|x86.ActiveCfg = Debug|Any CPU
		{E99AA708-24BD-4E4A-9636-0751136DD6F1}.Debug|x86.Build.0 = Debug|Any CPU
		{E99AA708-24BD-4E4A-9636-0751136DD6F1}.Release|Any CPU.ActiveCfg = Release|Any CPU
		{E99AA708-24BD-4E4A-9636-0751136DD6F1}.Release|Any CPU.Build.0 = Release|Any CPU
		{E99AA708-24BD-4E4A-9636-0751136DD6F1}.Release|x64.ActiveCfg = Release|Any CPU
		{E99AA708-24BD-4E4A-9636-0751136DD6F1}.Release|x64.Build.0 = Release|Any CPU
		{E99AA708-24BD-4E4A-9636-0751136DD6F1}.Release|x86.ActiveCfg = Release|Any CPU
		{E99AA708-24BD-4E4A-9636-0751136DD6F1}.Release|x86.Build.0 = Release|Any CPU
		{83C07E1B-1A2A-439D-8CB7-DCE360CD1D51}.Debug|Any CPU.ActiveCfg = Debug|Any CPU
		{83C07E1B-1A2A-439D-8CB7-DCE360CD1D51}.Debug|Any CPU.Build.0 = Debug|Any CPU
		{83C07E1B-1A2A-439D-8CB7-DCE360CD1D51}.Debug|x64.ActiveCfg = Debug|Any CPU
		{83C07E1B-1A2A-439D-8CB7-DCE360CD1D51}.Debug|x64.Build.0 = Debug|Any CPU
		{83C07E1B-1A2A-439D-8CB7-DCE360CD1D51}.Debug|x86.ActiveCfg = Debug|Any CPU
		{83C07E1B-1A2A-439D-8CB7-DCE360CD1D51}.Debug|x86.Build.0 = Debug|Any CPU
		{83C07E1B-1A2A-439D-8CB7-DCE360CD1D51}.Release|Any CPU.ActiveCfg = Release|Any CPU
		{83C07E1B-1A2A-439D-8CB7-DCE360CD1D51}.Release|Any CPU.Build.0 = Release|Any CPU
		{83C07E1B-1A2A-439D-8CB7-DCE360CD1D51}.Release|x64.ActiveCfg = Release|Any CPU
		{83C07E1B-1A2A-439D-8CB7-DCE360CD1D51}.Release|x64.Build.0 = Release|Any CPU
		{83C07E1B-1A2A-439D-8CB7-DCE360CD1D51}.Release|x86.ActiveCfg = Release|Any CPU
		{83C07E1B-1A2A-439D-8CB7-DCE360CD1D51}.Release|x86.Build.0 = Release|Any CPU
		{61F60664-723E-48D2-A316-44A1B671FCAD}.Debug|Any CPU.ActiveCfg = Debug|Any CPU
		{61F60664-723E-48D2-A316-44A1B671FCAD}.Debug|Any CPU.Build.0 = Debug|Any CPU
		{61F60664-723E-48D2-A316-44A1B671FCAD}.Debug|x64.ActiveCfg = Debug|Any CPU
		{61F60664-723E-48D2-A316-44A1B671FCAD}.Debug|x64.Build.0 = Debug|Any CPU
		{61F60664-723E-48D2-A316-44A1B671FCAD}.Debug|x86.ActiveCfg = Debug|Any CPU
		{61F60664-723E-48D2-A316-44A1B671FCAD}.Debug|x86.Build.0 = Debug|Any CPU
		{61F60664-723E-48D2-A316-44A1B671FCAD}.Release|Any CPU.ActiveCfg = Release|Any CPU
		{61F60664-723E-48D2-A316-44A1B671FCAD}.Release|Any CPU.Build.0 = Release|Any CPU
		{61F60664-723E-48D2-A316-44A1B671FCAD}.Release|x64.ActiveCfg = Release|Any CPU
		{61F60664-723E-48D2-A316-44A1B671FCAD}.Release|x64.Build.0 = Release|Any CPU
		{61F60664-723E-48D2-A316-44A1B671FCAD}.Release|x86.ActiveCfg = Release|Any CPU
		{61F60664-723E-48D2-A316-44A1B671FCAD}.Release|x86.Build.0 = Release|Any CPU
	EndGlobalSection
	GlobalSection(SolutionProperties) = preSolution
		HideSolutionNode = FALSE
	EndGlobalSection
EndGlobal
